
Microsoft Visual Studio Solution File, Format Version 12.00
# Visual Studio Version 17
VisualStudioVersion = 17.9.34728.123
MinimumVisualStudioVersion = 10.0.40219.1
Project("{FAE04EC0-301F-11D3-BF4B-00C04F79EFBC}") = "Bai20_TLTC", "Bai20_TLTC\Bai20_TLTC.csproj", "{462DA630-1EA4-4843-B155-7EBE21555C97}"
EndProject
Global
	GlobalSection(SolutionConfigurationPlatforms) = preSolution
		Debug|Any CPU = Debug|Any CPU
		Release|Any CPU = Release|Any CPU
	EndGlobalSection
	GlobalSection(ProjectConfigurationPlatforms) = postSolution
		{462DA630-1EA4-4843-B155-7EBE21555C97}.Debug|Any CPU.ActiveCfg = Debug|Any CPU
		{462DA630-1EA4-4843-B155-7EBE21555C97}.Debug|Any CPU.Build.0 = Debug|Any CPU
		{462DA630-1EA4-4843-B155-7EBE21555C97}.Release|Any CPU.ActiveCfg = Release|Any CPU
		{462DA630-1EA4-4843-B155-7EBE21555C97}.Release|Any CPU.Build.0 = Release|Any CPU
	EndGlobalSection
	GlobalSection(SolutionProperties) = preSolution
		HideSolutionNode = FALSE
	EndGlobalSection
	GlobalSection(ExtensibilityGlobals) = postSolution
		SolutionGuid = {45413DB7-D331-490C-B9A7-7F01B6F17417}
	EndGlobalSection
EndGlobal
